
Microsoft Visual Studio Solution File, Format Version 12.00
# Visual Studio Version 17
VisualStudioVersion = 17.2.32516.85
MinimumVisualStudioVersion = 10.0.40219.1
Project("{FAE04EC0-301F-11D3-BF4B-00C04F79EFBC}") = "Friseur", "Friseur\Friseur.csproj", "{05F5445F-A84B-45F3-8695-F940A016A3AE}"
EndProject
Project("{FAE04EC0-301F-11D3-BF4B-00C04F79EFBC}") = "Friseur.Tests", "Friseur.Tests\Friseur.Tests.csproj", "{7D9B740B-9491-4E29-B839-8052B9FBB9B9}"
EndProject
Global
	GlobalSection(SolutionConfigurationPlatforms) = preSolution
		Debug|Any CPU = Debug|Any CPU
		Release|Any CPU = Release|Any CPU
	EndGlobalSection
	GlobalSection(ProjectConfigurationPlatforms) = postSolution
		{05F5445F-A84B-45F3-8695-F940A016A3AE}.Debug|Any CPU.ActiveCfg = Debug|Any CPU
		{05F5445F-A84B-45F3-8695-F940A016A3AE}.Debug|Any CPU.Build.0 = Debug|Any CPU
		{05F5445F-A84B-45F3-8695-F940A016A3AE}.Release|Any CPU.ActiveCfg = Release|Any CPU
		{05F5445F-A84B-45F3-8695-F940A016A3AE}.Release|Any CPU.Build.0 = Release|Any CPU
		{7D9B740B-9491-4E29-B839-8052B9FBB9B9}.Debug|Any CPU.ActiveCfg = Debug|Any CPU
		{7D9B740B-9491-4E29-B839-8052B9FBB9B9}.Debug|Any CPU.Build.0 = Debug|Any CPU
		{7D9B740B-9491-4E29-B839-8052B9FBB9B9}.Release|Any CPU.ActiveCfg = Release|Any CPU
		{7D9B740B-9491-4E29-B839-8052B9FBB9B9}.Release|Any CPU.Build.0 = Release|Any CPU
	EndGlobalSection
	GlobalSection(SolutionProperties) = preSolution
		HideSolutionNode = FALSE
	EndGlobalSection
	GlobalSection(ExtensibilityGlobals) = postSolution
		SolutionGuid = {EA1E3D5A-62D2-47DA-844F-6B164D4C1521}
	EndGlobalSection
EndGlobal
